PODS:
  - SimplePDF (3.0.0)
  - SwiftyStoreKit (0.11.0)

DEPENDENCIES:
  - SimplePDF
  - SwiftyStoreKit

SPEC CHECKSUMS:
  SimplePDF: 903143ede36965886997a5c1bc6b8940b082ba20
  SwiftyStoreKit: c5cb38110cb01b55b9c5f25d7f69d0083650b2a4

PODFILE CHECKSUM: e4d9ae56f78de3f9850da5e6a23b44210f701357

COCOAPODS: 1.3.1
