PODS:
  - BarcodeScanner (3.0.0)
  - Flurry-iOS-SDK/FlurryAds (8.3.2):
    - Flurry-iOS-SDK/FlurrySDK
  - Flurry-iOS-SDK/FlurrySDK (8.3.2)
  - SimplePDF (3.0.0)

DEPENDENCIES:
  - BarcodeScanner
  - Flurry-iOS-SDK/FlurryAds
  - Flurry-iOS-SDK/FlurrySDK
  - SimplePDF

SPEC REPOS:
  https://github.com/CocoaPods/Specs.git:
    - BarcodeScanner
    - Flurry-iOS-SDK
    - SimplePDF

SPEC CHECKSUMS:
  BarcodeScanner: 4ba61e8b2d50da7b17685085d4bb8e1a0c14613e
  Flurry-iOS-SDK: 499b7ac3b8d83dda274206c1f1f2335d3fab87f6
  SimplePDF: 903143ede36965886997a5c1bc6b8940b082ba20

PODFILE CHECKSUM: 691103aec3dae6cccc820dd1a948a4b1dc720905

COCOAPODS: 1.5.0
