// !$*UTF8*$!
{
	archiveVersion = 1;
	classes = {
	};
	objectVersion = 48;
	objects = {

/* Begin PBXBuildFile section */
		3D53F2C820547D2700679CD9 /* icons8-sync-filled-100.png in Resources */ = {isa = PBXBuildFile; fileRef = 3D53F2C720547D2700679CD9 /* icons8-sync-filled-100.png */; };
		3D53F2CB20547DE100679CD9 /* icons8-refresh-filled-50.png in Resources */ = {isa = PBXBuildFile; fileRef = 3D53F2C920547DE000679CD9 /* icons8-refresh-filled-50.png */; };
		3D53F2CC20547DE100679CD9 /* icons8-sync-filled-50.png in Resources */ = {isa = PBXBuildFile; fileRef = 3D53F2CA20547DE000679CD9 /* icons8-sync-filled-50.png */; };
		3D53F2D02054A0EB00679CD9 /* icons8-print-filled-100.png in Resources */ = {isa = PBXBuildFile; fileRef = 3D53F2CD2054A0E900679CD9 /* icons8-print-filled-100.png */; };
		3D53F2D12054A0EB00679CD9 /* icons8-add-list-filled-100.png in Resources */ = {isa = PBXBuildFile; fileRef = 3D53F2CE2054A0EA00679CD9 /* icons8-add-list-filled-100.png */; };
		3D53F2D22054A0EB00679CD9 /* icons8-export-pdf-filled-100.png in Resources */ = {isa = PBXBuildFile; fileRef = 3D53F2CF2054A0EB00679CD9 /* icons8-export-pdf-filled-100.png */; };
		3D8496F31FAF994500CCCE55 /* AppDelegate.swift in Sources */ = {isa = PBXBuildFile; fileRef = 3D8496F21FAF994500CCCE55 /* AppDelegate.swift */; };
		3D8496F51FAF994500CCCE55 /* ViewController.swift in Sources */ = {isa = PBXBuildFile; fileRef = 3D8496F41FAF994500CCCE55 /* ViewController.swift */; };
		3D8496F81FAF994500CCCE55 /* Main.storyboard in Resources */ = {isa = PBXBuildFile; fileRef = 3D8496F61FAF994500CCCE55 /* Main.storyboard */; };
		3D8496FB1FAF994500CCCE55 /* Worksheet_Maker.xcdatamodeld in Sources */ = {isa = PBXBuildFile; fileRef = 3D8496F91FAF994500CCCE55 /* Worksheet_Maker.xcdatamodeld */; };
		3D8496FD1FAF994500CCCE55 /* Assets.xcassets in Resources */ = {isa = PBXBuildFile; fileRef = 3D8496FC1FAF994500CCCE55 /* Assets.xcassets */; };
		3D8497001FAF994500CCCE55 /* LaunchScreen.storyboard in Resources */ = {isa = PBXBuildFile; fileRef = 3D8496FE1FAF994500CCCE55 /* LaunchScreen.storyboard */; };
		3D84970C1FAFA22A00CCCE55 /* TableViewCell.swift in Sources */ = {isa = PBXBuildFile; fileRef = 3D84970B1FAFA22A00CCCE55 /* TableViewCell.swift */; };
		3D84970E1FAFBDB000CCCE55 /* WorksheetVC.swift in Sources */ = {isa = PBXBuildFile; fileRef = 3D84970D1FAFBDB000CCCE55 /* WorksheetVC.swift */; };
		9061A669D7C013735689AC0B /* Pods_Worksheet_Maker.framework in Frameworks */ = {isa = PBXBuildFile; fileRef = 6C0D1DB6FD47D88F22F38099 /* Pods_Worksheet_Maker.framework */; };
/* End PBXBuildFile section */

/* Begin PBXFileReference section */
		029E62401DA3D9994D7B1B4B /* Pods-Worksheet Maker.debug.xcconfig */ = {isa = PBXFileReference; includeInIndex = 1; lastKnownFileType = text.xcconfig; name = "Pods-Worksheet Maker.debug.xcconfig"; path = "Pods/Target Support Files/Pods-Worksheet Maker/Pods-Worksheet Maker.debug.xcconfig"; sourceTree = "<group>"; };
		3D53F2C720547D2700679CD9 /* icons8-sync-filled-100.png */ = {isa = PBXFileReference; lastKnownFileType = image.png; name = "icons8-sync-filled-100.png"; path = "../../../../../Downloads/icons8-sync-filled-100.png"; sourceTree = "<group>"; };
		3D53F2C920547DE000679CD9 /* icons8-refresh-filled-50.png */ = {isa = PBXFileReference; lastKnownFileType = image.png; path = "icons8-refresh-filled-50.png"; sourceTree = "<group>"; };
		3D53F2CA20547DE000679CD9 /* icons8-sync-filled-50.png */ = {isa = PBXFileReference; lastKnownFileType = image.png; path = "icons8-sync-filled-50.png"; sourceTree = "<group>"; };
		3D53F2CD2054A0E900679CD9 /* icons8-print-filled-100.png */ = {isa = PBXFileReference; lastKnownFileType = image.png; path = "icons8-print-filled-100.png"; sourceTree = "<group>"; };
		3D53F2CE2054A0EA00679CD9 /* icons8-add-list-filled-100.png */ = {isa = PBXFileReference; lastKnownFileType = image.png; path = "icons8-add-list-filled-100.png"; sourceTree = "<group>"; };
		3D53F2CF2054A0EB00679CD9 /* icons8-export-pdf-filled-100.png */ = {isa = PBXFileReference; lastKnownFileType = image.png; path = "icons8-export-pdf-filled-100.png"; sourceTree = "<group>"; };
		3D8496EF1FAF994500CCCE55 /* Worksheet Maker.app */ = {isa = PBXFileReference; explicitFileType = wrapper.application; includeInIndex = 0; name = "Worksheet Maker.app"; path = PaperWorksheet.app; sourceTree = BUILT_PRODUCTS_DIR; };
		3D8496F21FAF994500CCCE55 /* AppDelegate.swift */ = {isa = PBXFileReference; lastKnownFileType = sourcecode.swift; path = AppDelegate.swift; sourceTree = "<group>"; };
		3D8496F41FAF994500CCCE55 /* ViewController.swift */ = {isa = PBXFileReference; lastKnownFileType = sourcecode.swift; path = ViewController.swift; sourceTree = "<group>"; };
		3D8496F71FAF994500CCCE55 /* Base */ = {isa = PBXFileReference; lastKnownFileType = file.storyboard; name = Base; path = Base.lproj/Main.storyboard; sourceTree = "<group>"; };
		3D8496FA1FAF994500CCCE55 /* Worksheet_Maker.xcdatamodel */ = {isa = PBXFileReference; lastKnownFileType = wrapper.xcdatamodel; path = Worksheet_Maker.xcdatamodel; sourceTree = "<group>"; };
		3D8496FC1FAF994500CCCE55 /* Assets.xcassets */ = {isa = PBXFileReference; lastKnownFileType = folder.assetcatalog; path = Assets.xcassets; sourceTree = "<group>"; };
		3D8496FF1FAF994500CCCE55 /* Base */ = {isa = PBXFileReference; lastKnownFileType = file.storyboard; name = Base; path = Base.lproj/LaunchScreen.storyboard; sourceTree = "<group>"; };
		3D8497011FAF994500CCCE55 /* Info.plist */ = {isa = PBXFileReference; lastKnownFileType = text.plist.xml; path = Info.plist; sourceTree = "<group>"; };
		3D84970B1FAFA22A00CCCE55 /* TableViewCell.swift */ = {isa = PBXFileReference; lastKnownFileType = sourcecode.swift; path = TableViewCell.swift; sourceTree = "<group>"; };
		3D84970D1FAFBDB000CCCE55 /* WorksheetVC.swift */ = {isa = PBXFileReference; lastKnownFileType = sourcecode.swift; path = WorksheetVC.swift; sourceTree = "<group>"; };
		6C0D1DB6FD47D88F22F38099 /* Pods_Worksheet_Maker.framework */ = {isa = PBXFileReference; explicitFileType = wrapper.framework; includeInIndex = 0; path = Pods_Worksheet_Maker.framework; sourceTree = BUILT_PRODUCTS_DIR; };
		BEF9C9B68DBB2ED6F57E8031 /* Pods-Worksheet Maker.release.xcconfig */ = {isa = PBXFileReference; includeInIndex = 1; lastKnownFileType = text.xcconfig; name = "Pods-Worksheet Maker.release.xcconfig"; path = "Pods/Target Support Files/Pods-Worksheet Maker/Pods-Worksheet Maker.release.xcconfig"; sourceTree = "<group>"; };
/* End PBXFileReference section */

/* Begin PBXFrameworksBuildPhase section */
		3D8496EC1FAF994500CCCE55 /* Frameworks */ = {
			isa = PBXFrameworksBuildPhase;
			buildActionMask = 2147483647;
			files = (
				9061A669D7C013735689AC0B /* Pods_Worksheet_Maker.framework in Frameworks */,
			);
			runOnlyForDeploymentPostprocessing = 0;
		};
/* End PBXFrameworksBuildPhase section */

/* Begin PBXGroup section */
		315E702D15A53C03CBBE6984 /* Pods */ = {
			isa = PBXGroup;
			children = (
				029E62401DA3D9994D7B1B4B /* Pods-Worksheet Maker.debug.xcconfig */,
				BEF9C9B68DBB2ED6F57E8031 /* Pods-Worksheet Maker.release.xcconfig */,
			);
			name = Pods;
			sourceTree = "<group>";
		};
		3D0968E51FB5E2B700570933 /* Assets */ = {
			isa = PBXGroup;
			children = (
				3D53F2CE2054A0EA00679CD9 /* icons8-add-list-filled-100.png */,
				3D53F2CF2054A0EB00679CD9 /* icons8-export-pdf-filled-100.png */,
				3D53F2CD2054A0E900679CD9 /* icons8-print-filled-100.png */,
				3D53F2C920547DE000679CD9 /* icons8-refresh-filled-50.png */,
				3D53F2CA20547DE000679CD9 /* icons8-sync-filled-50.png */,
				3D53F2C720547D2700679CD9 /* icons8-sync-filled-100.png */,
				3D8496F21FAF994500CCCE55 /* AppDelegate.swift */,
				3D8496FC1FAF994500CCCE55 /* Assets.xcassets */,
				3D8496FE1FAF994500CCCE55 /* LaunchScreen.storyboard */,
				3D8496F91FAF994500CCCE55 /* Worksheet_Maker.xcdatamodeld */,
			);
			path = Assets;
			sourceTree = "<group>";
		};
		3D8496E61FAF994500CCCE55 = {
			isa = PBXGroup;
			children = (
				3D8496F11FAF994500CCCE55 /* Worksheet Maker */,
				3D8496F01FAF994500CCCE55 /* Products */,
				315E702D15A53C03CBBE6984 /* Pods */,
				761A36C30CBFD33048A49A1E /* Frameworks */,
			);
			sourceTree = "<group>";
		};
		3D8496F01FAF994500CCCE55 /* Products */ = {
			isa = PBXGroup;
			children = (
				3D8496EF1FAF994500CCCE55 /* Worksheet Maker.app */,
			);
			name = Products;
			sourceTree = "<group>";
		};
		3D8496F11FAF994500CCCE55 /* Worksheet Maker */ = {
			isa = PBXGroup;
			children = (
				3D8497011FAF994500CCCE55 /* Info.plist */,
				3D8496F61FAF994500CCCE55 /* Main.storyboard */,
				3D8496F41FAF994500CCCE55 /* ViewController.swift */,
				3D84970D1FAFBDB000CCCE55 /* WorksheetVC.swift */,
				3D84970B1FAFA22A00CCCE55 /* TableViewCell.swift */,
				3D0968E51FB5E2B700570933 /* Assets */,
			);
			path = "Worksheet Maker";
			sourceTree = "<group>";
		};
		761A36C30CBFD33048A49A1E /* Frameworks */ = {
			isa = PBXGroup;
			children = (
				6C0D1DB6FD47D88F22F38099 /* Pods_Worksheet_Maker.framework */,
			);
			name = Frameworks;
			sourceTree = "<group>";
		};
/* End PBXGroup section */

/* Begin PBXNativeTarget section */
		3D8496EE1FAF994500CCCE55 /* PaperWorksheet */ = {
			isa = PBXNativeTarget;
			buildConfigurationList = 3D8497041FAF994500CCCE55 /* Build configuration list for PBXNativeTarget "PaperWorksheet" */;
			buildPhases = (
				51509870A8029A877DEFA73F /* [CP] Check Pods Manifest.lock */,
				3D8496EB1FAF994500CCCE55 /* Sources */,
				3D8496EC1FAF994500CCCE55 /* Frameworks */,
				3D8496ED1FAF994500CCCE55 /* Resources */,
				77775605DF8178B820D367D7 /* [CP] Embed Pods Frameworks */,
				47EAA52C5BABDAB829C6A0CF /* [CP] Copy Pods Resources */,
			);
			buildRules = (
			);
			dependencies = (
			);
			name = PaperWorksheet;
			productName = "Worksheet Maker";
			productReference = 3D8496EF1FAF994500CCCE55 /* Worksheet Maker.app */;
			productType = "com.apple.product-type.application";
		};
/* End PBXNativeTarget section */

/* Begin PBXProject section */
		3D8496E71FAF994500CCCE55 /* Project object */ = {
			isa = PBXProject;
			attributes = {
				LastSwiftUpdateCheck = 0910;
				LastUpgradeCheck = 0910;
				ORGANIZATIONNAME = PrettyMotion;
				TargetAttributes = {
					3D8496EE1FAF994500CCCE55 = {
						CreatedOnToolsVersion = 9.1;
						ProvisioningStyle = Automatic;
					};
				};
			};
			buildConfigurationList = 3D8496EA1FAF994500CCCE55 /* Build configuration list for PBXProject "PaperWorksheet" */;
			compatibilityVersion = "Xcode 8.0";
			developmentRegion = en;
			hasScannedForEncodings = 0;
			knownRegions = (
				en,
				Base,
			);
			mainGroup = 3D8496E61FAF994500CCCE55;
			productRefGroup = 3D8496F01FAF994500CCCE55 /* Products */;
			projectDirPath = "";
			projectRoot = "";
			targets = (
				3D8496EE1FAF994500CCCE55 /* PaperWorksheet */,
			);
		};
/* End PBXProject section */

/* Begin PBXResourcesBuildPhase section */
		3D8496ED1FAF994500CCCE55 /* Resources */ = {
			isa = PBXResourcesBuildPhase;
			buildActionMask = 2147483647;
			files = (
				3D8497001FAF994500CCCE55 /* LaunchScreen.storyboard in Resources */,
				3D8496FD1FAF994500CCCE55 /* Assets.xcassets in Resources */,
				3D53F2C820547D2700679CD9 /* icons8-sync-filled-100.png in Resources */,
				3D53F2CB20547DE100679CD9 /* icons8-refresh-filled-50.png in Resources */,
				3D8496F81FAF994500CCCE55 /* Main.storyboard in Resources */,
				3D53F2CC20547DE100679CD9 /* icons8-sync-filled-50.png in Resources */,
				3D53F2D02054A0EB00679CD9 /* icons8-print-filled-100.png in Resources */,
				3D53F2D22054A0EB00679CD9 /* icons8-export-pdf-filled-100.png in Resources */,
				3D53F2D12054A0EB00679CD9 /* icons8-add-list-filled-100.png in Resources */,
			);
			runOnlyForDeploymentPostprocessing = 0;
		};
/* End PBXResourcesBuildPhase section */

/* Begin PBXShellScriptBuildPhase section */
		47EAA52C5BABDAB829C6A0CF /* [CP] Copy Pods Resources */ = {
			isa = PBXShellScriptBuildPhase;
			buildActionMask = 2147483647;
			files = (
			);
			inputPaths = (
			);
			name = "[CP] Copy Pods Resources";
			outputPaths = (
			);
			runOnlyForDeploymentPostprocessing = 0;
			shellPath = /bin/sh;
			shellScript = "\"${SRCROOT}/Pods/Target Support Files/Pods-Worksheet Maker/Pods-Worksheet Maker-resources.sh\"\n";
			showEnvVarsInLog = 0;
		};
		51509870A8029A877DEFA73F /* [CP] Check Pods Manifest.lock */ = {
			isa = PBXShellScriptBuildPhase;
			buildActionMask = 2147483647;
			files = (
			);
			inputPaths = (
				"${PODS_PODFILE_DIR_PATH}/Podfile.lock",
				"${PODS_ROOT}/Manifest.lock",
			);
			name = "[CP] Check Pods Manifest.lock";
			outputPaths = (
				"$(DERIVED_FILE_DIR)/Pods-Worksheet Maker-checkManifestLockResult.txt",
			);
			runOnlyForDeploymentPostprocessing = 0;
			shellPath = /bin/sh;
			shellScript = "diff \"${PODS_PODFILE_DIR_PATH}/Podfile.lock\" \"${PODS_ROOT}/Manifest.lock\" > /dev/null\nif [ $? != 0 ] ; then\n    # print error to STDERR\n    echo \"error: The sandbox is not in sync with the Podfile.lock. Run 'pod install' or update your CocoaPods installation.\" >&2\n    exit 1\nfi\n# This output is used by Xcode 'outputs' to avoid re-running this script phase.\necho \"SUCCESS\" > \"${SCRIPT_OUTPUT_FILE_0}\"\n";
			showEnvVarsInLog = 0;
		};
		77775605DF8178B820D367D7 /* [CP] Embed Pods Frameworks */ = {
			isa = PBXShellScriptBuildPhase;
			buildActionMask = 2147483647;
			files = (
			);
			inputPaths = (
				"${SRCROOT}/Pods/Target Support Files/Pods-Worksheet Maker/Pods-Worksheet Maker-frameworks.sh",
				"${BUILT_PRODUCTS_DIR}/SimplePDF/SimplePDF.framework",
				"${BUILT_PRODUCTS_DIR}/SwiftyStoreKit/SwiftyStoreKit.framework",
			);
			name = "[CP] Embed Pods Frameworks";
			outputPaths = (
				"${TARGET_BUILD_DIR}/${FRAMEWORKS_FOLDER_PATH}/SimplePDF.framework",
				"${TARGET_BUILD_DIR}/${FRAMEWORKS_FOLDER_PATH}/SwiftyStoreKit.framework",
			);
			runOnlyForDeploymentPostprocessing = 0;
			shellPath = /bin/sh;
			shellScript = "\"${SRCROOT}/Pods/Target Support Files/Pods-Worksheet Maker/Pods-Worksheet Maker-frameworks.sh\"\n";
			showEnvVarsInLog = 0;
		};
/* End PBXShellScriptBuildPhase section */

/* Begin PBXSourcesBuildPhase section */
		3D8496EB1FAF994500CCCE55 /* Sources */ = {
			isa = PBXSourcesBuildPhase;
			buildActionMask = 2147483647;
			files = (
				3D84970C1FAFA22A00CCCE55 /* TableViewCell.swift in Sources */,
				3D8496F51FAF994500CCCE55 /* ViewController.swift in Sources */,
				3D8496FB1FAF994500CCCE55 /* Worksheet_Maker.xcdatamodeld in Sources */,
				3D84970E1FAFBDB000CCCE55 /* WorksheetVC.swift in Sources */,
				3D8496F31FAF994500CCCE55 /* AppDelegate.swift in Sources */,
			);
			runOnlyForDeploymentPostprocessing = 0;
		};
/* End PBXSourcesBuildPhase section */

/* Begin PBXVariantGroup section */
		3D8496F61FAF994500CCCE55 /* Main.storyboard */ = {
			isa = PBXVariantGroup;
			children = (
				3D8496F71FAF994500CCCE55 /* Base */,
			);
			name = Main.storyboard;
			sourceTree = "<group>";
		};
		3D8496FE1FAF994500CCCE55 /* LaunchScreen.storyboard */ = {
			isa = PBXVariantGroup;
			children = (
				3D8496FF1FAF994500CCCE55 /* Base */,
			);
			name = LaunchScreen.storyboard;
			sourceTree = "<group>";
		};
/* End PBXVariantGroup section */

/* Begin XCBuildConfiguration section */
		3D8497021FAF994500CCCE55 /* Debug */ = {
			isa = XCBuildConfiguration;
			buildSettings = {
				ALWAYS_SEARCH_USER_PATHS = NO;
				CLANG_ANALYZER_NONNULL = YES;
				CLANG_ANALYZER_NUMBER_OBJECT_CONVERSION = YES_AGGRESSIVE;
				CLANG_CXX_LANGUAGE_STANDARD = "gnu++14";
				CLANG_CXX_LIBRARY = "libc++";
				CLANG_ENABLE_MODULES = YES;
				CLANG_ENABLE_OBJC_ARC = YES;
				CLANG_WARN_BLOCK_CAPTURE_AUTORELEASING = YES;
				CLANG_WARN_BOOL_CONVERSION = YES;
				CLANG_WARN_COMMA = YES;
				CLANG_WARN_CONSTANT_CONVERSION = YES;
				CLANG_WARN_DIRECT_OBJC_ISA_USAGE = YES_ERROR;
				CLANG_WARN_DOCUMENTATION_COMMENTS = YES;
				CLANG_WARN_EMPTY_BODY = YES;
				CLANG_WARN_ENUM_CONVERSION = YES;
				CLANG_WARN_INFINITE_RECURSION = YES;
				CLANG_WARN_INT_CONVERSION = YES;
				CLANG_WARN_NON_LITERAL_NULL_CONVERSION = YES;
				CLANG_WARN_OBJC_LITERAL_CONVERSION = YES;
				CLANG_WARN_OBJC_ROOT_CLASS = YES_ERROR;
				CLANG_WARN_RANGE_LOOP_ANALYSIS = YES;
				CLANG_WARN_STRICT_PROTOTYPES = YES;
				CLANG_WARN_SUSPICIOUS_MOVE = YES;
				CLANG_WARN_UNGUARDED_AVAILABILITY = YES_AGGRESSIVE;
				CLANG_WARN_UNREACHABLE_CODE = YES;
				CLANG_WARN__DUPLICATE_METHOD_MATCH = YES;
				CODE_SIGN_IDENTITY = "iPhone Developer";
				COPY_PHASE_STRIP = NO;
				DEBUG_INFORMATION_FORMAT = dwarf;
				ENABLE_STRICT_OBJC_MSGSEND = YES;
				ENABLE_TESTABILITY = YES;
				GCC_C_LANGUAGE_STANDARD = gnu11;
				GCC_DYNAMIC_NO_PIC = NO;
				GCC_NO_COMMON_BLOCKS = YES;
				GCC_OPTIMIZATION_LEVEL = 0;
				GCC_PREPROCESSOR_DEFINITIONS = (
					"DEBUG=1",
					"$(inherited)",
				);
				GCC_WARN_64_TO_32_BIT_CONVERSION = YES;
				GCC_WARN_ABOUT_RETURN_TYPE = YES_ERROR;
				GCC_WARN_UNDECLARED_SELECTOR = YES;
				GCC_WARN_UNINITIALIZED_AUTOS = YES_AGGRESSIVE;
				GCC_WARN_UNUSED_FUNCTION = YES;
				GCC_WARN_UNUSED_VARIABLE = YES;
				IPHONEOS_DEPLOYMENT_TARGET = 11.1;
				MTL_ENABLE_DEBUG_INFO = YES;
				ONLY_ACTIVE_ARCH = YES;
				SDKROOT = iphoneos;
				SWIFT_ACTIVE_COMPILATION_CONDITIONS = DEBUG;
				SWIFT_OPTIMIZATION_LEVEL = "-Onone";
			};
			name = Debug;
		};
		3D8497031FAF994500CCCE55 /* Release */ = {
			isa = XCBuildConfiguration;
			buildSettings = {
				ALWAYS_SEARCH_USER_PATHS = NO;
				CLANG_ANALYZER_NONNULL = YES;
				CLANG_ANALYZER_NUMBER_OBJECT_CONVERSION = YES_AGGRESSIVE;
				CLANG_CXX_LANGUAGE_STANDARD = "gnu++14";
				CLANG_CXX_LIBRARY = "libc++";
				CLANG_ENABLE_MODULES = YES;
				CLANG_ENABLE_OBJC_ARC = YES;
				CLANG_WARN_BLOCK_CAPTURE_AUTORELEASING = YES;
				CLANG_WARN_BOOL_CONVERSION = YES;
				CLANG_WARN_COMMA = YES;
				CLANG_WARN_CONSTANT_CONVERSION = YES;
				CLANG_WARN_DIRECT_OBJC_ISA_USAGE = YES_ERROR;
				CLANG_WARN_DOCUMENTATION_COMMENTS = YES;
				CLANG_WARN_EMPTY_BODY = YES;
				CLANG_WARN_ENUM_CONVERSION = YES;
				CLANG_WARN_INFINITE_RECURSION = YES;
				CLANG_WARN_INT_CONVERSION = YES;
				CLANG_WARN_NON_LITERAL_NULL_CONVERSION = YES;
				CLANG_WARN_OBJC_LITERAL_CONVERSION = YES;
				CLANG_WARN_OBJC_ROOT_CLASS = YES_ERROR;
				CLANG_WARN_RANGE_LOOP_ANALYSIS = YES;
				CLANG_WARN_STRICT_PROTOTYPES = YES;
				CLANG_WARN_SUSPICIOUS_MOVE = YES;
				CLANG_WARN_UNGUARDED_AVAILABILITY = YES_AGGRESSIVE;
				CLANG_WARN_UNREACHABLE_CODE = YES;
				CLANG_WARN__DUPLICATE_METHOD_MATCH = YES;
				CODE_SIGN_IDENTITY = "iPhone Developer";
				COPY_PHASE_STRIP = NO;
				DEBUG_INFORMATION_FORMAT = "dwarf-with-dsym";
				ENABLE_NS_ASSERTIONS = NO;
				ENABLE_STRICT_OBJC_MSGSEND = YES;
				GCC_C_LANGUAGE_STANDARD = gnu11;
				GCC_NO_COMMON_BLOCKS = YES;
				GCC_WARN_64_TO_32_BIT_CONVERSION = YES;
				GCC_WARN_ABOUT_RETURN_TYPE = YES_ERROR;
				GCC_WARN_UNDECLARED_SELECTOR = YES;
				GCC_WARN_UNINITIALIZED_AUTOS = YES_AGGRESSIVE;
				GCC_WARN_UNUSED_FUNCTION = YES;
				GCC_WARN_UNUSED_VARIABLE = YES;
				IPHONEOS_DEPLOYMENT_TARGET = 11.1;
				MTL_ENABLE_DEBUG_INFO = NO;
				SDKROOT = iphoneos;
				SWIFT_OPTIMIZATION_LEVEL = "-Owholemodule";
				VALIDATE_PRODUCT = YES;
			};
			name = Release;
		};
		3D8497051FAF994500CCCE55 /* Debug */ = {
			isa = XCBuildConfiguration;
			baseConfigurationReference = 029E62401DA3D9994D7B1B4B /* Pods-Worksheet Maker.debug.xcconfig */;
			buildSettings = {
				ASSETCATALOG_COMPILER_APPICON_NAME = AppIcon;
				CODE_SIGN_STYLE = Automatic;
				DEVELOPMENT_TEAM = 87WHN6T97D;
				INFOPLIST_FILE = "Worksheet Maker/Info.plist";
				LD_RUNPATH_SEARCH_PATHS = "$(inherited) @executable_path/Frameworks";
				PRODUCT_BUNDLE_IDENTIFIER = com.nanwang.paperworksheet;
				PRODUCT_NAME = "$(TARGET_NAME)";
				SWIFT_VERSION = 4.0;
				TARGETED_DEVICE_FAMILY = "1,2";
			};
			name = Debug;
		};
		3D8497061FAF994500CCCE55 /* Release */ = {
			isa = XCBuildConfiguration;
			baseConfigurationReference = BEF9C9B68DBB2ED6F57E8031 /* Pods-Worksheet Maker.release.xcconfig */;
			buildSettings = {
				ASSETCATALOG_COMPILER_APPICON_NAME = AppIcon;
				CODE_SIGN_STYLE = Automatic;
				DEVELOPMENT_TEAM = 87WHN6T97D;
				INFOPLIST_FILE = "Worksheet Maker/Info.plist";
				LD_RUNPATH_SEARCH_PATHS = "$(inherited) @executable_path/Frameworks";
				PRODUCT_BUNDLE_IDENTIFIER = com.nanwang.paperworksheet;
				PRODUCT_NAME = "$(TARGET_NAME)";
				SWIFT_VERSION = 4.0;
				TARGETED_DEVICE_FAMILY = "1,2";
			};
			name = Release;
		};
/* End XCBuildConfiguration section */

/* Begin XCConfigurationList section */
		3D8496EA1FAF994500CCCE55 /* Build configuration list for PBXProject "PaperWorksheet" */ = {
			isa = XCConfigurationList;
			buildConfigurations = (
				3D8497021FAF994500CCCE55 /* Debug */,
				3D8497031FAF994500CCCE55 /* Release */,
			);
			defaultConfigurationIsVisible = 0;
			defaultConfigurationName = Release;
		};
		3D8497041FAF994500CCCE55 /* Build configuration list for PBXNativeTarget "PaperWorksheet" */ = {
			isa = XCConfigurationList;
			buildConfigurations = (
				3D8497051FAF994500CCCE55 /* Debug */,
				3D8497061FAF994500CCCE55 /* Release */,
			);
			defaultConfigurationIsVisible = 0;
			defaultConfigurationName = Release;
		};
/* End XCConfigurationList section */

/* Begin XCVersionGroup section */
		3D8496F91FAF994500CCCE55 /* Worksheet_Maker.xcdatamodeld */ = {
			isa = XCVersionGroup;
			children = (
				3D8496FA1FAF994500CCCE55 /* Worksheet_Maker.xcdatamodel */,
			);
			currentVersion = 3D8496FA1FAF994500CCCE55 /* Worksheet_Maker.xcdatamodel */;
			path = Worksheet_Maker.xcdatamodeld;
			sourceTree = "<group>";
			versionGroupType = wrapper.xcdatamodel;
		};
/* End XCVersionGroup section */
	};
	rootObject = 3D8496E71FAF994500CCCE55 /* Project object */;
}
